github.com/carpentries/carpentries-hugo-theme v0.0.0-20240815141547-296454fa7b24 h1:/IZ0qn3Xr9SRdPQakIs2MoO54w1SQ+U+EymznkHoHKw=
github.com/carpentries/carpentries-hugo-theme v0.0.0-20240815141547-296454fa7b24/go.mod h1:folIYik0FmlDRY0TIqSlFfhFi1OV+0mDYhBgsND+4JA=
github.com/carpentries/carpentries-hugo-theme v0.0.0-20240823121155-12cf5b7bbf31 h1:8gTd3ZyeEMONgewbsFgeWGuBHuB6XZh3NFq0luH7oCM=
github.com/carpentries/carpentries-hugo-theme v0.0.0-20240823121155-12cf5b7bbf31/go.mod h1:folIYik0FmlDRY0TIqSlFfhFi1OV+0mDYhBgsND+4JA=
github.com/carpentries/carpentries-hugo-theme v0.0.0-20240830151959-f8a03802275f h1:nqvUytu/5SN9sy7lZAuMb10V4ySeY6Dbfl4rFU3V+Qc=
github.com/carpentries/carpentries-hugo-theme v0.0.0-20240830151959-f8a03802275f/go.mod h1:folIYik0FmlDRY0TIqSlFfhFi1OV+0mDYhBgsND+4JA=
github.com/carpentries/carpentries-hugo-theme v0.0.0-20240904125853-956418c4b68e h1:2Hn97ZtRRsz/Knm/mLdxHVuR8TOVezg3I842d01TDbM=
github.com/carpentries/carpentries-hugo-theme v0.0.0-20240904125853-956418c4b68e/go.mod h1:folIYik0FmlDRY0TIqSlFfhFi1OV+0mDYhBgsND+4JA=
github.com/carpentries/carpentries-hugo-theme v0.0.0-20240905113321-69b3f873ff81 h1:ep3wudRcVhE/6mRtjy7XmyO333Cb6+cPBulg0hWGcLk=
github.com/carpentries/carpentries-hugo-theme v0.0.0-20240905113321-69b3f873ff81/go.mod h1:folIYik0FmlDRY0TIqSlFfhFi1OV+0mDYhBgsND+4JA=
github.com/carpentries/carpentries-hugo-theme v0.0.0-20240909132606-6a82b86926d9 h1:CyqgxCHV8LsG0YDLqJi7luIj+hDJeie7/1/noq9PHbw=
github.com/carpentries/carpentries-hugo-theme v0.0.0-20240909132606-6a82b86926d9/go.mod h1:folIYik0FmlDRY0TIqSlFfhFi1OV+0mDYhBgsND+4JA=
github.com/carpentries/carpentries-hugo-theme v0.0.0-20240913142939-6301c32fd62c h1:bqBLYsxM7T5NmYC13zZSJJK4cDgH7bXaR4DIq4PbZbY=
github.com/carpentries/carpentries-hugo-theme v0.0.0-20240913142939-6301c32fd62c/go.mod h1:folIYik0FmlDRY0TIqSlFfhFi1OV+0mDYhBgsND+4JA=
github.com/carpentries/carpentries-hugo-theme v0.0.0-20241001123033-87de873e3d29 h1:RO+4nNh5ArBOxt1Un0eMIAy2JyftAWL7uB/VLBe2xck=
github.com/carpentries/carpentries-hugo-theme v0.0.0-20241001123033-87de873e3d29/go.mod h1:folIYik0FmlDRY0TIqSlFfhFi1OV+0mDYhBgsND+4JA=
github.com/carpentries/carpentries-hugo-theme v0.0.0-20241014205912-6f7e6864ddbf h1:Fc0Avm2bOz0Gv48E6jkNRTc6jVg3ujU9j9eiIMXOI3A=
github.com/carpentries/carpentries-hugo-theme v0.0.0-20241014205912-6f7e6864ddbf/go.mod h1:folIYik0FmlDRY0TIqSlFfhFi1OV+0mDYhBgsND+4JA=
github.com/carpentries/carpentries-hugo-theme v0.0.0-20241114215553-621b07624b64 h1:2VMnWbTlM/WFG03qAfLMIWQvi4mgzHotitKMJ+asGMk=
github.com/carpentries/carpentries-hugo-theme v0.0.0-20241114215553-621b07624b64/go.mod h1:folIYik0FmlDRY0TIqSlFfhFi1OV+0mDYhBgsND+4JA=
github.com/carpentries/carpentries-hugo-theme v0.0.0-20250107151528-355164865812 h1:4NvSxV+ppARYBytgZntSDMZnz+st/wnL4AiW3ENCh7A=
github.com/carpentries/carpentries-hugo-theme v0.0.0-20250107151528-355164865812/go.mod h1:folIYik0FmlDRY0TIqSlFfhFi1OV+0mDYhBgsND+4JA=
github.com/carpentries/carpentries-hugo-theme v0.0.0-20250108154310-c652aec770d5 h1:T0GzpWZB5tFEv3T7wsNlVJoz+CWnigU21p5i/O96gFw=
github.com/carpentries/carpentries-hugo-theme v0.0.0-20250108154310-c652aec770d5/go.mod h1:folIYik0FmlDRY0TIqSlFfhFi1OV+0mDYhBgsND+4JA=
