github.com/carpentries/carpentries-hugo-theme v0.0.0-20240815141547-296454fa7b24 h1:/IZ0qn3Xr9SRdPQakIs2MoO54w1SQ+U+EymznkHoHKw=
github.com/carpentries/carpentries-hugo-theme v0.0.0-20240815141547-296454fa7b24/go.mod h1:folIYik0FmlDRY0TIqSlFfhFi1OV+0mDYhBgsND+4JA=
github.com/carpentries/carpentries-hugo-theme v0.0.0-20240823121155-12cf5b7bbf31 h1:8gTd3ZyeEMONgewbsFgeWGuBHuB6XZh3NFq0luH7oCM=
github.com/carpentries/carpentries-hugo-theme v0.0.0-20240823121155-12cf5b7bbf31/go.mod h1:folIYik0FmlDRY0TIqSlFfhFi1OV+0mDYhBgsND+4JA=
github.com/carpentries/carpentries-hugo-theme v0.0.0-20240830151959-f8a03802275f h1:nqvUytu/5SN9sy7lZAuMb10V4ySeY6Dbfl4rFU3V+Qc=
github.com/carpentries/carpentries-hugo-theme v0.0.0-20240830151959-f8a03802275f/go.mod h1:folIYik0FmlDRY0TIqSlFfhFi1OV+0mDYhBgsND+4JA=
github.com/carpentries/carpentries-hugo-theme v0.0.0-20240904125853-956418c4b68e h1:2Hn97ZtRRsz/Knm/mLdxHVuR8TOVezg3I842d01TDbM=
github.com/carpentries/carpentries-hugo-theme v0.0.0-20240904125853-956418c4b68e/go.mod h1:folIYik0FmlDRY0TIqSlFfhFi1OV+0mDYhBgsND+4JA=
github.com/carpentries/carpentries-hugo-theme v0.0.0-20240905113321-69b3f873ff81 h1:ep3wudRcVhE/6mRtjy7XmyO333Cb6+cPBulg0hWGcLk=
github.com/carpentries/carpentries-hugo-theme v0.0.0-20240905113321-69b3f873ff81/go.mod h1:folIYik0FmlDRY0TIqSlFfhFi1OV+0mDYhBgsND+4JA=
github.com/carpentries/carpentries-hugo-theme v0.0.0-20240909132606-6a82b86926d9 h1:CyqgxCHV8LsG0YDLqJi7luIj+hDJeie7/1/noq9PHbw=
github.com/carpentries/carpentries-hugo-theme v0.0.0-20240909132606-6a82b86926d9/go.mod h1:folIYik0FmlDRY0TIqSlFfhFi1OV+0mDYhBgsND+4JA=
github.com/carpentries/carpentries-hugo-theme v0.0.0-20240913142939-6301c32fd62c h1:bqBLYsxM7T5NmYC13zZSJJK4cDgH7bXaR4DIq4PbZbY=
github.com/carpentries/carpentries-hugo-theme v0.0.0-20240913142939-6301c32fd62c/go.mod h1:folIYik0FmlDRY0TIqSlFfhFi1OV+0mDYhBgsND+4JA=
